
Microsoft Visual Studio Solution File, Format Version 12.00
# Visual Studio Version 17
VisualStudioVersion = 17.11.35327.3
MinimumVisualStudioVersion = 10.0.40219.1
Project("{FAE04EC0-301F-11D3-BF4B-00C04F79EFBC}") = "mükemmel sayı", "mükemmel sayı.csproj", "{0C7E4194-6588-47DC-BE28-F1D189092A2F}"
EndProject
Global
	GlobalSection(SolutionConfigurationPlatforms) = preSolution
		Debug|Any CPU = Debug|Any CPU
		Release|Any CPU = Release|Any CPU
	EndGlobalSection
	GlobalSection(ProjectConfigurationPlatforms) = postSolution
		{0C7E4194-6588-47DC-BE28-F1D189092A2F}.Debug|Any CPU.ActiveCfg = Debug|Any CPU
		{0C7E4194-6588-47DC-BE28-F1D189092A2F}.Debug|Any CPU.Build.0 = Debug|Any CPU
		{0C7E4194-6588-47DC-BE28-F1D189092A2F}.Release|Any CPU.ActiveCfg = Release|Any CPU
		{0C7E4194-6588-47DC-BE28-F1D189092A2F}.Release|Any CPU.Build.0 = Release|Any CPU
	EndGlobalSection
	GlobalSection(SolutionProperties) = preSolution
		HideSolutionNode = FALSE
	EndGlobalSection
	GlobalSection(ExtensibilityGlobals) = postSolution
		SolutionGuid = {8286C071-4995-4AAE-A514-4E597CD9EE96}
	EndGlobalSection
EndGlobal
